
Microsoft Visual Studio Solution File, Format Version 12.00
# Visual Studio Version 17
VisualStudioVersion = 17.5.33530.505
MinimumVisualStudioVersion = 10.0.40219.1
Project("{9A19103F-16F7-4668-BE54-9A1E7A4F7556}") = "API", "API\API.csproj", "{784D182C-8A08-4DB6-AD25-0CF73FCE7540}"
EndProject
Project("{FAE04EC0-301F-11D3-BF4B-00C04F79EFBC}") = "BusinessLogic", "BusinessLogic\BusinessLogic.csproj", "{13CB0A0C-7730-40AF-9331-83B0226A6982}"
EndProject
Project("{FAE04EC0-301F-11D3-BF4B-00C04F79EFBC}") = "Data", "Data\Data.csproj", "{EDE968EB-DDE0-4E19-BD9C-8854CB483374}"
EndProject
Project("{FAE04EC0-301F-11D3-BF4B-00C04F79EFBC}") = "Infra", "Infra\Infra.csproj", "{0178AE70-C15C-44EB-908E-1A1BE40F9418}"
EndProject
Project("{E53339B2-1760-4266-BCC7-CA923CBCF16C}") = "docker-compose", "docker-compose.dcproj", "{B35FD43A-3F36-49C1-9542-103594F540DF}"
EndProject
Global
	GlobalSection(SolutionConfigurationPlatforms) = preSolution
		Debug|Any CPU = Debug|Any CPU
		Release|Any CPU = Release|Any CPU
	EndGlobalSection
	GlobalSection(ProjectConfigurationPlatforms) = postSolution
		{784D182C-8A08-4DB6-AD25-0CF73FCE7540}.Debug|Any CPU.ActiveCfg = Debug|Any CPU
		{784D182C-8A08-4DB6-AD25-0CF73FCE7540}.Debug|Any CPU.Build.0 = Debug|Any CPU
		{784D182C-8A08-4DB6-AD25-0CF73FCE7540}.Release|Any CPU.ActiveCfg = Release|Any CPU
		{784D182C-8A08-4DB6-AD25-0CF73FCE7540}.Release|Any CPU.Build.0 = Release|Any CPU
		{13CB0A0C-7730-40AF-9331-83B0226A6982}.Debug|Any CPU.ActiveCfg = Debug|Any CPU
		{13CB0A0C-7730-40AF-9331-83B0226A6982}.Debug|Any CPU.Build.0 = Debug|Any CPU
		{13CB0A0C-7730-40AF-9331-83B0226A6982}.Release|Any CPU.ActiveCfg = Release|Any CPU
		{13CB0A0C-7730-40AF-9331-83B0226A6982}.Release|Any CPU.Build.0 = Release|Any CPU
		{EDE968EB-DDE0-4E19-BD9C-8854CB483374}.Debug|Any CPU.ActiveCfg = Debug|Any CPU
		{EDE968EB-DDE0-4E19-BD9C-8854CB483374}.Debug|Any CPU.Build.0 = Debug|Any CPU
		{EDE968EB-DDE0-4E19-BD9C-8854CB483374}.Release|Any CPU.ActiveCfg = Release|Any CPU
		{EDE968EB-DDE0-4E19-BD9C-8854CB483374}.Release|Any CPU.Build.0 = Release|Any CPU
		{0178AE70-C15C-44EB-908E-1A1BE40F9418}.Debug|Any CPU.ActiveCfg = Debug|Any CPU
		{0178AE70-C15C-44EB-908E-1A1BE40F9418}.Debug|Any CPU.Build.0 = Debug|Any CPU
		{0178AE70-C15C-44EB-908E-1A1BE40F9418}.Release|Any CPU.ActiveCfg = Release|Any CPU
		{0178AE70-C15C-44EB-908E-1A1BE40F9418}.Release|Any CPU.Build.0 = Release|Any CPU
		{B35FD43A-3F36-49C1-9542-103594F540DF}.Debug|Any CPU.ActiveCfg = Debug|Any CPU
		{B35FD43A-3F36-49C1-9542-103594F540DF}.Debug|Any CPU.Build.0 = Debug|Any CPU
		{B35FD43A-3F36-49C1-9542-103594F540DF}.Release|Any CPU.ActiveCfg = Release|Any CPU
		{B35FD43A-3F36-49C1-9542-103594F540DF}.Release|Any CPU.Build.0 = Release|Any CPU
	EndGlobalSection
	GlobalSection(SolutionProperties) = preSolution
		HideSolutionNode = FALSE
	EndGlobalSection
	GlobalSection(ExtensibilityGlobals) = postSolution
		SolutionGuid = {0BB166F4-91F2-4E27-BF2C-A2A09D838696}
	EndGlobalSection
EndGlobal
