
Microsoft Visual Studio Solution File, Format Version 12.00
Project("{FAE04EC0-301F-11D3-BF4B-00C04F79EFBC}") = "API", "API\API.csproj", "{263F31C2-033F-48DA-846B-04A0D7F6AD4C}"
EndProject
Project("{FAE04EC0-301F-11D3-BF4B-00C04F79EFBC}") = "Data", "Data\Data.csproj", "{C339715E-456D-4A87-955C-B2773090A22B}"
EndProject
Project("{FAE04EC0-301F-11D3-BF4B-00C04F79EFBC}") = "Infrastructure", "Infrastructure\Infrastructure.csproj", "{D4F94047-D49B-4FA8-8FB5-747B27674E4B}"
EndProject
Project("{FAE04EC0-301F-11D3-BF4B-00C04F79EFBC}") = "Business", "Business\Business.csproj", "{9E216F3C-1EFD-4035-AC43-F52EB55DB0CA}"
EndProject
Project("{2150E333-8FDC-42A3-9474-1A3956D46DE8}") = "Solution Items", "Solution Items", "{B79516CD-657B-4C0A-849F-A02BCEB764C0}"
	ProjectSection(SolutionItems) = preProject
		compose.yaml = compose.yaml
		db-variables.env = db-variables.env
		.config\dotnet-tools.json = .config\dotnet-tools.json
		api-variables.env = api-variables.env
	EndProjectSection
EndProject
Global
	GlobalSection(SolutionConfigurationPlatforms) = preSolution
		Debug|Any CPU = Debug|Any CPU
		Release|Any CPU = Release|Any CPU
	EndGlobalSection
	GlobalSection(ProjectConfigurationPlatforms) = postSolution
		{263F31C2-033F-48DA-846B-04A0D7F6AD4C}.Debug|Any CPU.ActiveCfg = Debug|Any CPU
		{263F31C2-033F-48DA-846B-04A0D7F6AD4C}.Debug|Any CPU.Build.0 = Debug|Any CPU
		{263F31C2-033F-48DA-846B-04A0D7F6AD4C}.Release|Any CPU.ActiveCfg = Release|Any CPU
		{263F31C2-033F-48DA-846B-04A0D7F6AD4C}.Release|Any CPU.Build.0 = Release|Any CPU
		{C339715E-456D-4A87-955C-B2773090A22B}.Debug|Any CPU.ActiveCfg = Debug|Any CPU
		{C339715E-456D-4A87-955C-B2773090A22B}.Debug|Any CPU.Build.0 = Debug|Any CPU
		{C339715E-456D-4A87-955C-B2773090A22B}.Release|Any CPU.ActiveCfg = Release|Any CPU
		{C339715E-456D-4A87-955C-B2773090A22B}.Release|Any CPU.Build.0 = Release|Any CPU
		{D4F94047-D49B-4FA8-8FB5-747B27674E4B}.Debug|Any CPU.ActiveCfg = Debug|Any CPU
		{D4F94047-D49B-4FA8-8FB5-747B27674E4B}.Debug|Any CPU.Build.0 = Debug|Any CPU
		{D4F94047-D49B-4FA8-8FB5-747B27674E4B}.Release|Any CPU.ActiveCfg = Release|Any CPU
		{D4F94047-D49B-4FA8-8FB5-747B27674E4B}.Release|Any CPU.Build.0 = Release|Any CPU
		{9E216F3C-1EFD-4035-AC43-F52EB55DB0CA}.Debug|Any CPU.ActiveCfg = Debug|Any CPU
		{9E216F3C-1EFD-4035-AC43-F52EB55DB0CA}.Debug|Any CPU.Build.0 = Debug|Any CPU
		{9E216F3C-1EFD-4035-AC43-F52EB55DB0CA}.Release|Any CPU.ActiveCfg = Release|Any CPU
		{9E216F3C-1EFD-4035-AC43-F52EB55DB0CA}.Release|Any CPU.Build.0 = Release|Any CPU
	EndGlobalSection
EndGlobal
